# This file was autogenerated by Stack.
# You should not edit this file by hand.
# For more information, please see the documentation at:
#   https://docs.haskellstack.org/en/stable/lock_files

packages: []
snapshots:
- completed:
    sha256: 9c8dfccfaa21b92781134e13b3d064fb0c1b05b83f5910c7dd58e6a99409bbae
    size: 410379
    url: https://raw.githubusercontent.com/commercialhaskell/stackage-snapshots/master/nightly/2016/11/19.yaml
  original: nightly-2016-11-19
